
Microsoft Visual Studio Solution File, Format Version 12.00
# Visual Studio Version 16
VisualStudioVersion = 16.0.30310.162
MinimumVisualStudioVersion = 10.0.40219.1
Project("{FAE04EC0-301F-11D3-BF4B-00C04F79EFBC}") = "XLocalizer.TagHelpers", "XLocalizer.TagHelpers\XLocalizer.TagHelpers.csproj", "{0EA108A7-6275-494C-8080-7C6947B5F765}"
EndProject
Global
	GlobalSection(SolutionConfigurationPlatforms) = preSolution
		Debug|Any CPU = Debug|Any CPU
		Release|Any CPU = Release|Any CPU
	EndGlobalSection
	GlobalSection(ProjectConfigurationPlatforms) = postSolution
		{0EA108A7-6275-494C-8080-7C6947B5F765}.Debug|Any CPU.ActiveCfg = Debug|Any CPU
		{0EA108A7-6275-494C-8080-7C6947B5F765}.Debug|Any CPU.Build.0 = Debug|Any CPU
		{0EA108A7-6275-494C-8080-7C6947B5F765}.Release|Any CPU.ActiveCfg = Release|Any CPU
		{0EA108A7-6275-494C-8080-7C6947B5F765}.Release|Any CPU.Build.0 = Release|Any CPU
	EndGlobalSection
	GlobalSection(SolutionProperties) = preSolution
		HideSolutionNode = FALSE
	EndGlobalSection
	GlobalSection(ExtensibilityGlobals) = postSolution
		SolutionGuid = {333F01DF-F1B1-4004-99F5-CC711AD377F2}
	EndGlobalSection
EndGlobal
